
Microsoft Visual Studio Solution File, Format Version 12.00
# Visual Studio Version 17
VisualStudioVersion = 17.10.35004.147
MinimumVisualStudioVersion = 10.0.40219.1
Project("{FAE04EC0-301F-11D3-BF4B-00C04F79EFBC}") = "TravelMasterAppBackend", "TravelMasterAppBackend\TravelMasterAppBackend.csproj", "{EAC2F89C-8DEF-4C20-945B-987A5DF976E3}"
EndProject
Global
	GlobalSection(SolutionConfigurationPlatforms) = preSolution
		Debug|Any CPU = Debug|Any CPU
		Release|Any CPU = Release|Any CPU
	EndGlobalSection
	GlobalSection(ProjectConfigurationPlatforms) = postSolution
		{EAC2F89C-8DEF-4C20-945B-987A5DF976E3}.Debug|Any CPU.ActiveCfg = Debug|Any CPU
		{EAC2F89C-8DEF-4C20-945B-987A5DF976E3}.Debug|Any CPU.Build.0 = Debug|Any CPU
		{EAC2F89C-8DEF-4C20-945B-987A5DF976E3}.Release|Any CPU.ActiveCfg = Release|Any CPU
		{EAC2F89C-8DEF-4C20-945B-987A5DF976E3}.Release|Any CPU.Build.0 = Release|Any CPU
	EndGlobalSection
	GlobalSection(SolutionProperties) = preSolution
		HideSolutionNode = FALSE
	EndGlobalSection
	GlobalSection(ExtensibilityGlobals) = postSolution
		SolutionGuid = {8E6FEA23-9DD1-4E88-96B9-D3674878AC19}
	EndGlobalSection
EndGlobal
